
Microsoft Visual Studio Solution File, Format Version 12.00
# Visual Studio 15
VisualStudioVersion = 15.0.28307.645
MinimumVisualStudioVersion = 10.0.40219.1
Project("{8BC9CEB8-8B4A-11D0-8D11-00A0C91BC942}") = "taxi_bigraph", "taxi_bigraph.vcxproj", "{E9C4656F-3851-3066-A870-220F0BF7BE83}"
EndProject
Global
	GlobalSection(SolutionConfigurationPlatforms) = preSolution
		Debug|Win32 = Debug|Win32
		Release|Win32 = Release|Win32
	EndGlobalSection
	GlobalSection(ProjectConfigurationPlatforms) = postSolution
		{E9C4656F-3851-3066-A870-220F0BF7BE83}.Debug|Win32.ActiveCfg = Debug|Win32
		{E9C4656F-3851-3066-A870-220F0BF7BE83}.Debug|Win32.Build.0 = Debug|Win32
		{E9C4656F-3851-3066-A870-220F0BF7BE83}.Release|Win32.ActiveCfg = Release|Win32
		{E9C4656F-3851-3066-A870-220F0BF7BE83}.Release|Win32.Build.0 = Release|Win32
	EndGlobalSection
	GlobalSection(SolutionProperties) = preSolution
		HideSolutionNode = FALSE
	EndGlobalSection
	GlobalSection(ExtensibilityGlobals) = postSolution
		SolutionGuid = {E6ADCF3D-AA6C-47F5-9873-270762AD8CA8}
	EndGlobalSection
EndGlobal
